
Microsoft Visual Studio Solution File, Format Version 12.00
# Visual Studio Version 16
VisualStudioVersion = 16.0.31911.196
MinimumVisualStudioVersion = 10.0.40219.1
Project("{9A19103F-16F7-4668-BE54-9A1E7A4F7556}") = "Ecommerce.Api.Products", "Ecommerce.Api.Products\Ecommerce.Api.Products.csproj", "{E2A0B114-35BC-4C88-BB83-860B5D2D457D}"
EndProject
Project("{9A19103F-16F7-4668-BE54-9A1E7A4F7556}") = "Ecommerce.Api.Customers", "Ecommerce.Api.Customers\Ecommerce.Api.Customers.csproj", "{DEC5F6E6-8F70-4225-BEAE-BCC8CEACEAA0}"
EndProject
Project("{9A19103F-16F7-4668-BE54-9A1E7A4F7556}") = "Ecommerce.Api.Orders", "Ecommerce.Api.Orders\Ecommerce.Api.Orders.csproj", "{FD5A08BF-8575-4565-9431-4E5CFAD8A582}"
EndProject
Project("{9A19103F-16F7-4668-BE54-9A1E7A4F7556}") = "Ecommerce.Api.Search", "Ecommerce.Api.Search\Ecommerce.Api.Search.csproj", "{B57C7E07-703C-4572-9C9E-63DC493423A8}"
EndProject
Project("{9A19103F-16F7-4668-BE54-9A1E7A4F7556}") = "ECommerce.Api.Products.Tests", "ECommerce.Api.Products.Tests\ECommerce.Api.Products.Tests.csproj", "{E93D0F69-A982-4499-A166-3A68590235C8}"
EndProject
Project("{E53339B2-1760-4266-BCC7-CA923CBCF16C}") = "docker-compose", "docker-compose.dcproj", "{7B6FD14E-4A2B-4C54-A42E-7CEE268EDB24}"
EndProject
Global
	GlobalSection(SolutionConfigurationPlatforms) = preSolution
		Debug|Any CPU = Debug|Any CPU
		Release|Any CPU = Release|Any CPU
	EndGlobalSection
	GlobalSection(ProjectConfigurationPlatforms) = postSolution
		{E2A0B114-35BC-4C88-BB83-860B5D2D457D}.Debug|Any CPU.ActiveCfg = Debug|Any CPU
		{E2A0B114-35BC-4C88-BB83-860B5D2D457D}.Debug|Any CPU.Build.0 = Debug|Any CPU
		{E2A0B114-35BC-4C88-BB83-860B5D2D457D}.Release|Any CPU.ActiveCfg = Release|Any CPU
		{E2A0B114-35BC-4C88-BB83-860B5D2D457D}.Release|Any CPU.Build.0 = Release|Any CPU
		{DEC5F6E6-8F70-4225-BEAE-BCC8CEACEAA0}.Debug|Any CPU.ActiveCfg = Debug|Any CPU
		{DEC5F6E6-8F70-4225-BEAE-BCC8CEACEAA0}.Debug|Any CPU.Build.0 = Debug|Any CPU
		{DEC5F6E6-8F70-4225-BEAE-BCC8CEACEAA0}.Release|Any CPU.ActiveCfg = Release|Any CPU
		{DEC5F6E6-8F70-4225-BEAE-BCC8CEACEAA0}.Release|Any CPU.Build.0 = Release|Any CPU
		{FD5A08BF-8575-4565-9431-4E5CFAD8A582}.Debug|Any CPU.ActiveCfg = Debug|Any CPU
		{FD5A08BF-8575-4565-9431-4E5CFAD8A582}.Debug|Any CPU.Build.0 = Debug|Any CPU
		{FD5A08BF-8575-4565-9431-4E5CFAD8A582}.Release|Any CPU.ActiveCfg = Release|Any CPU
		{FD5A08BF-8575-4565-9431-4E5CFAD8A582}.Release|Any CPU.Build.0 = Release|Any CPU
		{B57C7E07-703C-4572-9C9E-63DC493423A8}.Debug|Any CPU.ActiveCfg = Debug|Any CPU
		{B57C7E07-703C-4572-9C9E-63DC493423A8}.Debug|Any CPU.Build.0 = Debug|Any CPU
		{B57C7E07-703C-4572-9C9E-63DC493423A8}.Release|Any CPU.ActiveCfg = Release|Any CPU
		{B57C7E07-703C-4572-9C9E-63DC493423A8}.Release|Any CPU.Build.0 = Release|Any CPU
		{E93D0F69-A982-4499-A166-3A68590235C8}.Debug|Any CPU.ActiveCfg = Debug|Any CPU
		{E93D0F69-A982-4499-A166-3A68590235C8}.Debug|Any CPU.Build.0 = Debug|Any CPU
		{E93D0F69-A982-4499-A166-3A68590235C8}.Release|Any CPU.ActiveCfg = Release|Any CPU
		{E93D0F69-A982-4499-A166-3A68590235C8}.Release|Any CPU.Build.0 = Release|Any CPU
		{7B6FD14E-4A2B-4C54-A42E-7CEE268EDB24}.Debug|Any CPU.ActiveCfg = Debug|Any CPU
		{7B6FD14E-4A2B-4C54-A42E-7CEE268EDB24}.Debug|Any CPU.Build.0 = Debug|Any CPU
		{7B6FD14E-4A2B-4C54-A42E-7CEE268EDB24}.Release|Any CPU.ActiveCfg = Release|Any CPU
		{7B6FD14E-4A2B-4C54-A42E-7CEE268EDB24}.Release|Any CPU.Build.0 = Release|Any CPU
	EndGlobalSection
	GlobalSection(SolutionProperties) = preSolution
		HideSolutionNode = FALSE
	EndGlobalSection
	GlobalSection(ExtensibilityGlobals) = postSolution
		SolutionGuid = {67519048-1DF3-4F65-A466-F8CBD8F14637}
	EndGlobalSection
EndGlobal
